
Microsoft Visual Studio Solution File, Format Version 12.00
# Visual Studio Version 17
VisualStudioVersion = 17.7.34009.444
MinimumVisualStudioVersion = 10.0.40219.1
Project("{FAE04EC0-301F-11D3-BF4B-00C04F79EFBC}") = "BlazingShop.Server", "BlazingShop\Server\BlazingShop.Server.csproj", "{B379E389-509D-4AF0-B126-2AC8B745C755}"
EndProject
Project("{FAE04EC0-301F-11D3-BF4B-00C04F79EFBC}") = "BlazingShop.Client", "BlazingShop\Client\BlazingShop.Client.csproj", "{419CBF24-9609-4317-A262-52B0E3F6B168}"
EndProject
Project("{FAE04EC0-301F-11D3-BF4B-00C04F79EFBC}") = "BlazingShop.Shared", "BlazingShop\Shared\BlazingShop.Shared.csproj", "{A7AFC26D-7CE9-4E6B-9055-041A6CCB9E69}"
EndProject
Global
	GlobalSection(SolutionConfigurationPlatforms) = preSolution
		Debug|Any CPU = Debug|Any CPU
		Release|Any CPU = Release|Any CPU
	EndGlobalSection
	GlobalSection(ProjectConfigurationPlatforms) = postSolution
		{B379E389-509D-4AF0-B126-2AC8B745C755}.Debug|Any CPU.ActiveCfg = Debug|Any CPU
		{B379E389-509D-4AF0-B126-2AC8B745C755}.Debug|Any CPU.Build.0 = Debug|Any CPU
		{B379E389-509D-4AF0-B126-2AC8B745C755}.Release|Any CPU.ActiveCfg = Release|Any CPU
		{B379E389-509D-4AF0-B126-2AC8B745C755}.Release|Any CPU.Build.0 = Release|Any CPU
		{419CBF24-9609-4317-A262-52B0E3F6B168}.Debug|Any CPU.ActiveCfg = Debug|Any CPU
		{419CBF24-9609-4317-A262-52B0E3F6B168}.Debug|Any CPU.Build.0 = Debug|Any CPU
		{419CBF24-9609-4317-A262-52B0E3F6B168}.Release|Any CPU.ActiveCfg = Release|Any CPU
		{419CBF24-9609-4317-A262-52B0E3F6B168}.Release|Any CPU.Build.0 = Release|Any CPU
		{A7AFC26D-7CE9-4E6B-9055-041A6CCB9E69}.Debug|Any CPU.ActiveCfg = Debug|Any CPU
		{A7AFC26D-7CE9-4E6B-9055-041A6CCB9E69}.Debug|Any CPU.Build.0 = Debug|Any CPU
		{A7AFC26D-7CE9-4E6B-9055-041A6CCB9E69}.Release|Any CPU.ActiveCfg = Release|Any CPU
		{A7AFC26D-7CE9-4E6B-9055-041A6CCB9E69}.Release|Any CPU.Build.0 = Release|Any CPU
	EndGlobalSection
	GlobalSection(SolutionProperties) = preSolution
		HideSolutionNode = FALSE
	EndGlobalSection
	GlobalSection(ExtensibilityGlobals) = postSolution
		SolutionGuid = {A991857F-8617-47A6-8895-CACF80EF5F09}
	EndGlobalSection
EndGlobal
